
Microsoft Visual Studio Solution File, Format Version 12.00
# Visual Studio 15
VisualStudioVersion = 15.0.26124.0
MinimumVisualStudioVersion = 15.0.26124.0
Project("{2150E333-8FDC-42A3-9474-1A3956D46DE8}") = "src", "src", "{D9F50AB2-6A6D-46D9-AB52-80EC6AB53E50}"
EndProject
Project("{FAE04EC0-301F-11D3-BF4B-00C04F79EFBC}") = "SimpleAPI", "src\SimpleAPI\SimpleAPI.csproj", "{0E387FD2-5018-45E6-9D10-C2A2B93CA845}"
EndProject
Project("{2150E333-8FDC-42A3-9474-1A3956D46DE8}") = "test", "test", "{3ED936B8-4AB9-45FD-89DD-DB57D2A4D074}"
EndProject
Project("{FAE04EC0-301F-11D3-BF4B-00C04F79EFBC}") = "SimpleAPI.Test", "test\SimpleAPI.Test\SimpleAPI.Test.csproj", "{E51D7911-CFC2-4B7A-B29A-07EB2BDF1F16}"
EndProject
Global
	GlobalSection(SolutionConfigurationPlatforms) = preSolution
		Debug|Any CPU = Debug|Any CPU
		Debug|x64 = Debug|x64
		Debug|x86 = Debug|x86
		Release|Any CPU = Release|Any CPU
		Release|x64 = Release|x64
		Release|x86 = Release|x86
	EndGlobalSection
	GlobalSection(SolutionProperties) = preSolution
		HideSolutionNode = FALSE
	EndGlobalSection
	GlobalSection(ProjectConfigurationPlatforms) = postSolution
		{0E387FD2-5018-45E6-9D10-C2A2B93CA845}.Debug|Any CPU.ActiveCfg = Debug|Any CPU
		{0E387FD2-5018-45E6-9D10-C2A2B93CA845}.Debug|Any CPU.Build.0 = Debug|Any CPU
		{0E387FD2-5018-45E6-9D10-C2A2B93CA845}.Debug|x64.ActiveCfg = Debug|Any CPU
		{0E387FD2-5018-45E6-9D10-C2A2B93CA845}.Debug|x64.Build.0 = Debug|Any CPU
		{0E387FD2-5018-45E6-9D10-C2A2B93CA845}.Debug|x86.ActiveCfg = Debug|Any CPU
		{0E387FD2-5018-45E6-9D10-C2A2B93CA845}.Debug|x86.Build.0 = Debug|Any CPU
		{0E387FD2-5018-45E6-9D10-C2A2B93CA845}.Release|Any CPU.ActiveCfg = Release|Any CPU
		{0E387FD2-5018-45E6-9D10-C2A2B93CA845}.Release|Any CPU.Build.0 = Release|Any CPU
		{0E387FD2-5018-45E6-9D10-C2A2B93CA845}.Release|x64.ActiveCfg = Release|Any CPU
		{0E387FD2-5018-45E6-9D10-C2A2B93CA845}.Release|x64.Build.0 = Release|Any CPU
		{0E387FD2-5018-45E6-9D10-C2A2B93CA845}.Release|x86.ActiveCfg = Release|Any CPU
		{0E387FD2-5018-45E6-9D10-C2A2B93CA845}.Release|x86.Build.0 = Release|Any CPU
		{E51D7911-CFC2-4B7A-B29A-07EB2BDF1F16}.Debug|Any CPU.ActiveCfg = Debug|Any CPU
		{E51D7911-CFC2-4B7A-B29A-07EB2BDF1F16}.Debug|Any CPU.Build.0 = Debug|Any CPU
		{E51D7911-CFC2-4B7A-B29A-07EB2BDF1F16}.Debug|x64.ActiveCfg = Debug|Any CPU
		{E51D7911-CFC2-4B7A-B29A-07EB2BDF1F16}.Debug|x64.Build.0 = Debug|Any CPU
		{E51D7911-CFC2-4B7A-B29A-07EB2BDF1F16}.Debug|x86.ActiveCfg = Debug|Any CPU
		{E51D7911-CFC2-4B7A-B29A-07EB2BDF1F16}.Debug|x86.Build.0 = Debug|Any CPU
		{E51D7911-CFC2-4B7A-B29A-07EB2BDF1F16}.Release|Any CPU.ActiveCfg = Release|Any CPU
		{E51D7911-CFC2-4B7A-B29A-07EB2BDF1F16}.Release|Any CPU.Build.0 = Release|Any CPU
		{E51D7911-CFC2-4B7A-B29A-07EB2BDF1F16}.Release|x64.ActiveCfg = Release|Any CPU
		{E51D7911-CFC2-4B7A-B29A-07EB2BDF1F16}.Release|x64.Build.0 = Release|Any CPU
		{E51D7911-CFC2-4B7A-B29A-07EB2BDF1F16}.Release|x86.ActiveCfg = Release|Any CPU
		{E51D7911-CFC2-4B7A-B29A-07EB2BDF1F16}.Release|x86.Build.0 = Release|Any CPU
	EndGlobalSection
	GlobalSection(NestedProjects) = preSolution
		{0E387FD2-5018-45E6-9D10-C2A2B93CA845} = {D9F50AB2-6A6D-46D9-AB52-80EC6AB53E50}
		{E51D7911-CFC2-4B7A-B29A-07EB2BDF1F16} = {3ED936B8-4AB9-45FD-89DD-DB57D2A4D074}
	EndGlobalSection
EndGlobal
